cloud.google.com/go v0.26.0/go.mod h1:aQUYkXzVsufM+DwF1aE+0xfcU+56JwCaLick0ClmMTw=
cloud.google.com/go v0.34.0/go.mod h1:aQUYkXzVsufM+DwF1aE+0xfcU+56JwCaLick0ClmMTw=
cloud.google.com/go v0.37.4 h1:glPeL3BQJsbF6aIIYfZizMwc5LTYz250bDMjttbBGAU=
cloud.google.com/go v0.37.4/go.mod h1:NHPJ89PdicEuT9hdPXMROBD91xc5uRDxsMtSB16k7hw=
github.com/BurntSushi/toml v0.3.1/go.mod h1:xHWCNGjB5oqiDr8zfno3MHue2Ht5sIBksp03qcyfWMU=
github.com/Shopify/sarama v1.19.0/go.mod h1:FVkBWblsNy7DGZRfXLU0O9RCGt5g3g3yEuWXgklEdEo=
github.com/Shopify/toxiproxy v2.1.4+incompatible/go.mod h1:OXgGpZ6Cli1/URJOF1DMxUHB2q5Ap20/P/eIdh4G0pI=
github.com/alecthomas/template v0.0.0-20160405071501-a0175ee3bccc/go.mod h1:LOuyumcjzFXgccqObfd/Ljyb9UuFJ6TxHnclSeseNhc=
github.com/alecthomas/units v0.0.0-20151022065526-2efee857e7cf/go.mod h1:ybxpYRFXyAe+OPACYpWeL0wqObRcbAqCMya13uyzqw0=
github.com/apache/thrift v0.12.0/go.mod h1:cp2SuWMxlEZw2r+iP2GNCdIi4C1qmUzdZFSVb+bacwQ=
github.com/beorn7/perks v0.0.0-20180321164747-3a771d992973/go.mod h1:Dwedo/Wpr24TaqPxmxbtue+5NUziq4I4S80YR8gNf3Q=
github.com/client9/misspell v0.3.4/go.mod h1:qj6jICC3Q7zFZvVWo7KLAzC3yx5G7kyvSDkc90ppPyw=
github.com/davecgh/go-spew v1.1.1/go.mod h1:J7Y8YcW2NihsgmVo/mv3lAwl/skON4iLHjSsI+c5H38=
github.com/denisenkom/go-mssqldb v0.0.0-20190423183735-731ef375ac02 h1:PS3xfVPa8N84AzoWZHFCbA0+ikz4f4skktfjQoNMsgk=
github.com/denisenkom/go-mssqldb v0.0.0-20190423183735-731ef375ac02/go.mod h1:zAg7JM8CkOJ43xKXIj7eRO9kmWm/TW578qo+oDO6tuM=
github.com/eapache/go-resiliency v1.1.0/go.mod h1:kFI+JgMyC7bLPUVY133qvEBtVayf5mFgVsvEsIPBvNs=
github.com/eapache/go-xerial-snappy v0.0.0-20180814174437-776d5712da21/go.mod h1:+020luEh2TKB4/GOp8oxxtq0Daoen/Cii55CzbTV6DU=
github.com/eapache/queue v1.1.0/go.mod h1:6eCeP0CKFpHLu8blIFXhExK/dRa7WDZfr6jVFPTqq+I=
github.com/erikstmartin/go-testdb v0.0.0-20160219214506-8d10e4a1bae5 h1:Yzb9+7DPaBjB8zlTR87/ElzFsnQfuHnVUVqpZZIcV5Y=
github.com/erikstmartin/go-testdb v0.0.0-20160219214506-8d10e4a1bae5/go.mod h1:a2zkGnVExMxdzMo3M0Hi/3sEU+cWnZpSni0O6/Yb/P0=
github.com/fsnotify/fsnotify v1.4.7/go.mod h1:jwhsz4b93w/PPRr/qN1Yymfu8t87LnFCMoQvtojpjFo=
github.com/go-kit/kit v0.8.0/go.mod h1:xBxKIO96dXMWWy0MnWVtmwkA9/13aqxPnvrjFYMA2as=
github.com/go-logfmt/logfmt v0.3.0/go.mod h1:Qt1PoO58o5twSAckw1HlFXLmHsOX5/0LbT9GBnD5lWE=
github.com/go-sql-driver/mysql v1.4.1 h1:g24URVg0OFbNUTx9qqY1IRZ9D9z3iPyi5zKhQZpNwpA=
github.com/go-sql-driver/mysql v1.4.1/go.mod h1:zAC/RDZ24gD3HViQzih4MyKcchzm+sOG5ZlKdlhCg5w=
github.com/go-stack/stack v1.8.0/go.mod h1:v0f6uXyyMGvRgIKkXu+yp6POWl0qKG85gN/melR3HDY=
github.com/gogo/protobuf v1.1.1/go.mod h1:r8qH/GZQm5c6nD/R0oafs1akxWv10x8SbQlK7atdtwQ=
github.com/gogo/protobuf v1.2.0/go.mod h1:r8qH/GZQm5c6nD/R0oafs1akxWv10x8SbQlK7atdtwQ=
github.com/golang/glog v0.0.0-20160126235308-23def4e6c14b/go.mod h1:SBH7ygxi8pfUlaOkMMuAQtPIUF8ecWP5IEl/CR7VP2Q=
github.com/golang/mock v1.1.1/go.mod h1:oTYuIxOrZwtPieC+H1uAHpcLFnEyAGVDL/k47Jfbm0A=
github.com/golang/mock v1.2.0/go.mod h1:oTYuIxOrZwtPieC+H1uAHpcLFnEyAGVDL/k47Jfbm0A=
github.com/golang/protobuf v1.2.0/go.mod h1:6lQm79b+lXiMfvg/cZm0SGofjICqVBUtrP5yJMmIC1U=
github.com/golang/snappy v0.0.0-20180518054509-2e65f85255db/go.mod h1:/XxbfmMg8lxefKM7IXC3fBNl/7bRcc72aCRzEWrmP2Q=
github.com/google/btree v0.0.0-20180813153112-4030bb1f1f0c/go.mod h1:lNA+9X1NB3Zf8V7Ke586lFgjr2dZNuvo3lPJSGZ5JPQ=
github.com/google/go-cmp v0.2.0/go.mod h1:oXzfMopK8JAjlY9xF4vHSVASa0yLyX7SntLO5aqRK0M=
github.com/google/martian v2.1.0+incompatible/go.mod h1:9I4somxYTbIHy5NJKHRl3wXiIaQGbYVAs8BPL6v8lEs=
github.com/google/pprof v0.0.0-20181206194817-3ea8567a2e57/go.mod h1:zfwlbNMJ+OItoe0UupaVj+oy1omPYYDuagoSzA8v9mc=
github.com/googleapis/gax-go/v2 v2.0.4/go.mod h1:0Wqv26UfaUD9n4G6kQubkQ+KchISgw+vpHVxEJEs9eg=
github.com/gorilla/context v1.1.1/go.mod h1:kBGZzfjB9CEq2AlWe17Uuf7NDRt0dE0s8S51q0aT7Yg=
github.com/gorilla/mux v1.6.2/go.mod h1:1lud6UwP+6orDFRuTfBEV8e9/aOM/c4fVVCaMa2zaAs=
github.com/gorilla/mux v1.7.0/go.mod h1:1lud6UwP+6orDFRuTfBEV8e9/aOM/c4fVVCaMa2zaAs=
github.com/gorilla/mux v1.7.1 h1:Dw4jY2nghMMRsh1ol8dv1axHkDwMQK2DHerMNJsIpJU=
github.com/gorilla/mux v1.7.1/go.mod h1:1lud6UwP+6orDFRuTfBEV8e9/aOM/c4fVVCaMa2zaAs=
github.com/gorilla/mux v1.7.2 h1:zoNxOV7WjqXptQOVngLmcSQgXmgk4NMz1HibBchjl/I=
github.com/gorilla/mux v1.7.2/go.mod h1:1lud6UwP+6orDFRuTfBEV8e9/aOM/c4fVVCaMa2zaAs=
github.com/hashicorp/golang-lru v0.5.0/go.mod h1:/m3WP610KZHVQ1SGc6re/UDhFvYD7pJ4Ao+sR/qLZy8=
github.com/hpcloud/tail v1.0.0/go.mod h1:ab1qPbhIpdTxEkNHXyeSf5vhxWSCs/tWer42PpOxQnU=
github.com/jinzhu/gorm v1.9.2/go.mod h1:Vla75njaFJ8clLU1W44h34PjIkijhjHIYnZxMqCdxqo=
github.com/jinzhu/gorm v1.9.5/go.mod h1:bdqTT3q6dhSph2K3pWxrHP6nqxuAp2yQ3KFtc3U3F84=
github.com/jinzhu/gorm v1.9.8 h1:n5uvxqLepIP2R1XF7pudpt9Rv8I3m7G9trGxJVjLZ5k=
github.com/jinzhu/gorm v1.9.8/go.mod h1:bdqTT3q6dhSph2K3pWxrHP6nqxuAp2yQ3KFtc3U3F84=
github.com/jinzhu/inflection v0.0.0-20180308033659-04140366298a h1:eeaG9XMUvRBYXJi4pg1ZKM7nxc5AfXfojeLLW7O5J3k=
github.com/jinzhu/inflection v0.0.0-20180308033659-04140366298a/go.mod h1:h+uFLlag+Qp1Va5pdKtLDYj+kHp5pxUVkryuEj+Srlc=
github.com/jinzhu/now v1.0.0 h1:6WV8LvwPpDhKjo5U9O6b4+xdG/jTXNPwlDme/MTo8Ns=
github.com/jinzhu/now v1.0.0/go.mod h1:oHTiXerJ20+SfYcrdlBO7rzZRJWGwSTQ0iUY2jI6Gfc=
github.com/jstemmer/go-junit-report v0.0.0-20190106144839-af01ea7f8024/go.mod h1:6v2b51hI/fHJwM22ozAgKL4VKDeJcHhJFhtBdhmNjmU=
github.com/julienschmidt/httprouter v1.2.0/go.mod h1:SYymIcj16QtmaHHD7aYtjjsJG7VTCxuUUipMqKk8s4w=
github.com/kisielk/gotool v1.0.0/go.mod h1:XhKaO+MFFWcvkIS/tQcRk01m1F5IRFswLeQ+oQHNcck=
github.com/konsorten/go-windows-terminal-sequences v1.0.1/go.mod h1:T0+1ngSBFLxvqU3pZ+m/2kptfBszLMUkC4ZK/EgS/cQ=
github.com/kr/logfmt v0.0.0-20140226030751-b84e30acd515/go.mod h1:+0opPa2QZZtGFBFZlji/RkVcI2GknAs/DXo4wKdlNEc=
github.com/lib/pq v1.0.0/go.mod h1:5WUZQaWbwv1U+lTReE5YruASi9Al49XbQIvNi/34Woo=
github.com/lib/pq v1.1.0 h1:/5u4a+KGJptBRqGzPvYQL9p0d/tPR4S31+Tnzj9lEO4=
github.com/lib/pq v1.1.0/go.mod h1:5WUZQaWbwv1U+lTReE5YruASi9Al49XbQIvNi/34Woo=
github.com/mattn/go-sqlite3 v1.10.0 h1:jbhqpg7tQe4SupckyijYiy0mJJ/pRyHvXf7JdWK860o=
github.com/mattn/go-sqlite3 v1.10.0/go.mod h1:FPy6KqzDD04eiIsT53CuJW3U88zkxoIYsOqkbpncsNc=
github.com/matttproud/golang_protobuf_extensions v1.0.1/go.mod h1:D8He9yQNgCq6Z5Ld7szi9bcBfOoFv/3dc6xSMkL2PC0=
github.com/mwitkow/go-conntrack v0.0.0-20161129095857-cc309e4a2223/go.mod h1:qRWi+5nqEBWmkhHvq77mSJWrCKwh8bxhgT7d/eI7P4U=
github.com/onsi/ginkgo v1.6.0/go.mod h1:lLunBs/Ym6LB5Z9jYTR76FiuTmxDTDusOGeTQH+WWjE=
github.com/onsi/ginkgo v1.7.0/go.mod h1:lLunBs/Ym6LB5Z9jYTR76FiuTmxDTDusOGeTQH+WWjE=
github.com/onsi/gomega v1.4.3/go.mod h1:ex+gbHU/CVuBBDIJjb2X0qEXbFg53c61hWP/1CpauHY=
github.com/openzipkin/zipkin-go v0.1.6/go.mod h1:QgAqvLzwWbR/WpD4A3cGpPtJrZXNIiJc5AZX7/PBEpw=
github.com/pierrec/lz4 v2.0.5+incompatible/go.mod h1:pdkljMzZIN41W+lC3N2tnIh5sFi+IEE17M5jbnwPHcY=
github.com/pkg/errors v0.8.0/go.mod h1:bwawxfHBFNV+L2hUp1rHADufV3IMtnDRdf1r5NINEl0=
github.com/pmezard/go-difflib v1.0.0/go.mod h1:iKH77koFhYxTK1pcRnkKkqfTogsbg7gZNVY4sRDYZ/4=
github.com/prometheus/client_golang v0.9.1/go.mod h1:7SWBe2y4D6OKWSNQJUaRYU/AaXPKyh/dDVn+NZz0KFw=
github.com/prometheus/client_golang v0.9.3-0.20190127221311-3c4408c8b829/go.mod h1:p2iRAGwDERtqlqzRXnrOVns+ignqQo//hLXqYxZYVNs=
github.com/prometheus/client_model v0.0.0-20180712105110-5c3871d89910/go.mod h1:MbSGuTsp3dbXC40dX6PRTWyKYBIrTGTE9sqQNg2J8bo=
github.com/prometheus/client_model v0.0.0-20190115171406-56726106282f/go.mod h1:MbSGuTsp3dbXC40dX6PRTWyKYBIrTGTE9sqQNg2J8bo=
github.com/prometheus/common v0.2.0/go.mod h1:TNfzLD0ON7rHzMJeJkieUDPYmFC7Snx/y86RQel1bk4=
github.com/prometheus/procfs v0.0.0-20181005140218-185b4288413d/go.mod h1:c3At6R/oaqEKCNdg8wHV1ftS6bRYblBhIjjI8uT2IGk=
github.com/prometheus/procfs v0.0.0-20190117184657-bf6a532e95b1/go.mod h1:c3At6R/oaqEKCNdg8wHV1ftS6bRYblBhIjjI8uT2IGk=
github.com/rcrowley/go-metrics v0.0.0-20181016184325-3113b8401b8a/go.mod h1:bCqnVzQkZxMG4s8nGwiZ5l3QUCyqpo9Y+/ZMZ9VjZe4=
github.com/sirupsen/logrus v1.2.0/go.mod h1:LxeOpSwHxABJmUn/MG1IvRgCAasNZTLOkJPxbbu5VWo=
github.com/stretchr/objx v0.1.1/go.mod h1:HFkY916IF+rwdDfMAkV7OtwuqBVzrE8GR6GFx+wExME=
github.com/stretchr/testify v1.2.2/go.mod h1:a8OnRcib4nhh0OaRAV+Yts87kKdq0PP7pXfy6kDkUVs=
github.com/xubiosueldos/autenticacion v0.0.0-20190502190535-473a26c168c7 h1:3wfFgSwVjItHe/aeeHxFng98g4dGZvagtdzLiYFKTBk=
github.com/xubiosueldos/autenticacion v0.0.0-20190502190535-473a26c168c7/go.mod h1:lR/QSG7MJul/VQOY4lRfc0obwbvmCrDJXP+lLDpdgEs=
github.com/xubiosueldos/autenticacion v0.0.0-20190522114455-98001658fdeb h1:FmLIP8NQO1M+0ZrKvfKekC4l6gv8hJnGekTd0yjy4jk=
github.com/xubiosueldos/autenticacion v0.0.0-20190522114455-98001658fdeb/go.mod h1:rDxNVyfzwkWUZvz4HedT1XKcurnKW5Hkc/t6/3FPQHA=
github.com/xubiosueldos/autenticacion v0.0.0-20190523162423-a13b7223d84e/go.mod h1:hRlPp1s3yFhTacuqEB3v8Ja1TAoiWfrvU7ZUrINyLNY=
github.com/xubiosueldos/autenticacion v0.0.0-20190529143322-035a3c0049e9 h1:+vtEqYnq0T8+UoqiYq0K2MHumflOHq1FLrQE3Sse29U=
github.com/xubiosueldos/autenticacion v0.0.0-20190529143322-035a3c0049e9/go.mod h1:w3dA0efEwW01v4NcUuEG/rHKSAIQnP3zOkwJ2bGfqTM=
github.com/xubiosueldos/autenticacion v0.0.0-20190530103148-8b07f95bba38 h1:Y38OdCOcV9DD6cia/f1etV1g2nwzPIq7st3DPXjxE5U=
github.com/xubiosueldos/autenticacion v0.0.0-20190530103148-8b07f95bba38/go.mod h1:IVkxb0Nb0MXKDpWRaaaYDp/ZUbdf9wgLw2YcaX/JN/4=
github.com/xubiosueldos/autenticacion v0.0.0-20190530151356-fa08fcdf1b45 h1:SGGdGIIxm5ke0zQhcvQhNy+TyAj5OgCo16vKk+7ZTkw=
github.com/xubiosueldos/autenticacion v0.0.0-20190530151356-fa08fcdf1b45/go.mod h1:BY0aQ3HsEc6W7KVAZhHo+uml7r7bmr8AkXZOPXGKC08=
github.com/xubiosueldos/autenticacion v0.0.0-20190603133913-404abdfcc8f4 h1:hY5p2NSAEZjDS5XaeGqU1xe+xMreqm8wqiElysXFgkM=
github.com/xubiosueldos/autenticacion v0.0.0-20190603133913-404abdfcc8f4/go.mod h1:yQOeUe1ZqliqW3VuepvbudAVZbZ6hrnzMpzOBErpQKc=
github.com/xubiosueldos/autenticacion v0.0.0-20190603152240-bc1cf351b444 h1:WmMiNHNtsHVZvfyv8ar20EuQp4crPHl3Wqsjesfu21o=
github.com/xubiosueldos/autenticacion v0.0.0-20190603152240-bc1cf351b444/go.mod h1:CH5cUunbUlXPMoKgiBtnxy1BAZUnIrMQDTayvBnrZ7s=
github.com/xubiosueldos/autenticacion v0.0.0-20190603174728-c842d4c40f8b h1:S45k3hMV9LFE9HfEu3gPyRGmjFvnumgpgFBk1r/XQV0=
github.com/xubiosueldos/autenticacion v0.0.0-20190603174728-c842d4c40f8b/go.mod h1:CH5cUunbUlXPMoKgiBtnxy1BAZUnIrMQDTayvBnrZ7s=
github.com/xubiosueldos/autenticacion v0.0.0-20190604113135-b8bceb4cec41 h1:5bliJw9O42y/ZgOaNMfEzRiNlu/McOopZEU+Q1k9xxw=
github.com/xubiosueldos/autenticacion v0.0.0-20190604113135-b8bceb4cec41/go.mod h1:ynXRtXf/lPyyswd5cn5NGfrleSaKMiqYdtuvBpe3/7A=
github.com/xubiosueldos/autenticacion v0.0.0-20190611174640-196ff168da60 h1:8EeTYcPgM+N0pEwQo1I/6DUvl7c9YHBf+cLIrqmtQuk=
github.com/xubiosueldos/autenticacion v0.0.0-20190611174640-196ff168da60/go.mod h1:quueF4/udCDHGzJ18+aIaZYNEFT0OyTZTp2izMyblxw=
github.com/xubiosueldos/autenticacion v0.0.0-20190704155444-bf6d10da497a h1:z0x6DHvYemGaE3C+1Rrf0RipDYYYj3PCrE2qEnmNLmI=
github.com/xubiosueldos/autenticacion v0.0.0-20190704155444-bf6d10da497a/go.mod h1:xkIeSK2Xk7A2rFTp/JnuUs7+xmuwGNX0zMF57rGErVk=
github.com/xubiosueldos/autenticacion v0.0.0-20190812132645-30b461c3b138 h1:gG2/2GKqcQ5NfWSoJWGJ9LhRwg5O431BZ5G/Qo2Six4=
github.com/xubiosueldos/autenticacion v0.0.0-20190812132645-30b461c3b138/go.mod h1:i0oHCobF3B8F2WStfRL51MtW2xOhaqSyrpG/oei1+ro=
github.com/xubiosueldos/autenticacion v0.0.0-20190813131835-d54cd260e8aa h1:EeXcg4Jorb4wotuhubn85M8IyAKZ7T63iV2TajVY6CM=
github.com/xubiosueldos/autenticacion v0.0.0-20190813131835-d54cd260e8aa/go.mod h1:hAYXXk4HjgaRe3vfa7W4YWJwOb/0Ys7HlvQV6XEypQg=
github.com/xubiosueldos/autenticacion v0.0.0-20190918180424-1f61371f3f6b h1:5ECVAlkbnWwlXIARhyW+RKcYdGQKG+G9J6DAPeDG/LQ=
github.com/xubiosueldos/autenticacion v0.0.0-20190918180424-1f61371f3f6b/go.mod h1:34bhSwiUuvLhou0vAhJp/E+5EXuYasGkOs++wZjwdbI=
github.com/xubiosueldos/autenticacion v0.0.0-20190923134235-146fb0fc6bfe h1:aRPqFspMY3fiT6mcqPg1er9LycrTp6k0qCuaHOoV0Rw=
github.com/xubiosueldos/autenticacion v0.0.0-20190923134235-146fb0fc6bfe/go.mod h1:Wt3mnYZSKcDQ9gkk8y0dVQdm3pbCosiTJ2jo20DcJVA=
github.com/xubiosueldos/autenticacion v0.0.0-20190924132348-fe5009d5671c h1:iF9NEb9qdIJA9trmGsWVz56s4cP9VRBNU+8LsPGSnJQ=
github.com/xubiosueldos/autenticacion v0.0.0-20190924132348-fe5009d5671c/go.mod h1:MPS1AZGOza6U3FWuValBbyGiYxnSJu2Yr5jJedXBsyQ=
github.com/xubiosueldos/autenticacion v0.0.0-20190926175324-b466b283d571 h1:/ApSj2mA8FcuMmEi6CQE6sQ6b9S5HS2Iv37iomj6MhM=
github.com/xubiosueldos/autenticacion v0.0.0-20190926175324-b466b283d571/go.mod h1:R5r9ZiT2a3eNK8+ZXQM8aPJn0H/YzXbYftsxOiIiMgU=
github.com/xubiosueldos/autenticacion v0.0.0-20191008115323-b721d50d5ee6 h1:agP8nxlZxyNUYjETRQIvAKuwD5GukFzDH7NzYNMeEQA=
github.com/xubiosueldos/autenticacion v0.0.0-20191008115323-b721d50d5ee6/go.mod h1:Mnf15jFYM8FiEXnKjVq0Hq9qms1AHKBOiOVVGo2Wblk=
github.com/xubiosueldos/autenticacion v0.0.0-20191009130935-fb534dd2b478 h1:3f+TJ7DsHERsb41jFkycTorA5OkICvRsFEpsfsnMat8=
github.com/xubiosueldos/autenticacion v0.0.0-20191009130935-fb534dd2b478/go.mod h1:OPcuj3zHDiuiiWdL32Sn7yVm4pz3heqJgk853qvMcqA=
github.com/xubiosueldos/concepto v0.0.0-20190522122732-458cf0c4fa87 h1:HhkrRwCfOH72+4/pta525ikaWyhOGZDUwj2cmdnEyzc=
github.com/xubiosueldos/concepto v0.0.0-20190522122732-458cf0c4fa87/go.mod h1:DvQ0azPZTO88+BHnouu2mpGkEX0FaudECcfRtURFmwM=
github.com/xubiosueldos/concepto v0.0.0-20190523131727-5ca8f6d4062d h1:HlMiulptJ60uyC+X8ZEgEoUsQesEAGAL8FgkLbUZNFk=
github.com/xubiosueldos/concepto v0.0.0-20190523131727-5ca8f6d4062d/go.mod h1:1GZeSCW9vhK+pvUiIuNiO98tcsaEaaXeln0goSekVXs=
github.com/xubiosueldos/concepto v0.0.0-20190529165845-2ae6f7583ac1 h1:9M9jH55gUO5S+u6P1/ej1LIk3OByI6B9ZR8nkSv+iow=
github.com/xubiosueldos/concepto v0.0.0-20190529165845-2ae6f7583ac1/go.mod h1:RarmbLg8XLQQTLsRgIa46YT8iI+VnEgzBij11JqF6NM=
github.com/xubiosueldos/concepto v0.0.0-20190530150128-b928182dc31e h1:jgaskpogV6K4XARMOW+6CybtsUut8Tt+r4GMAtrGQO0=
github.com/xubiosueldos/concepto v0.0.0-20190530150128-b928182dc31e/go.mod h1:ieqTBDMF+S48pjeGNRaCG0GNxW/ILuvf/XG8jjfQN+M=
github.com/xubiosueldos/concepto v0.0.0-20190530152506-c3d6430b031d h1:xtrvgLJ5HkVUfzeEgihNQuPuhhe1ZwGDvJpGnvNMVjo=
github.com/xubiosueldos/concepto v0.0.0-20190530152506-c3d6430b031d/go.mod h1:OGGjGwGEDJsRGjNiG5UkBpzV/ONOE2TF3Lo+BM/p7Ig=
github.com/xubiosueldos/concepto v0.0.0-20190603134426-5cf15c829dcd h1:pF4C1DLQYGFTzUmX4NTVaPGDygIOaKGVogPn076P4WI=
github.com/xubiosueldos/concepto v0.0.0-20190603134426-5cf15c829dcd/go.mod h1:VOU5cB07Y7vLEgMabvOVz1CP6te7P/gbepBbGyQXx10=
github.com/xubiosueldos/concepto v0.0.0-20190603152344-aaa593e671be h1:K2Ui9gjHqURXPRAVqQtg2Wrg3QcuW+tiUMHlGahEvds=
github.com/xubiosueldos/concepto v0.0.0-20190603152344-aaa593e671be/go.mod h1:XuSZKjTm6qiLYExLV1+vm4UuVZ/KOyr7UCVdJshgcr0=
github.com/xubiosueldos/concepto v0.0.0-20190603175032-77f08c9233c8 h1:DEpEOvGMkLkINtXUDfmVFPiioJOoTwgjubMo06jG52A=
github.com/xubiosueldos/concepto v0.0.0-20190603175032-77f08c9233c8/go.mod h1:W7OvXZY7CQx6raifvQLE0itnjfDQ80zKOOcojec7B1g=
github.com/xubiosueldos/concepto v0.0.0-20190607102254-2e8076c0cbf4 h1:EYdMuteRgC3EEzcup8ddikzdd4q/060Tykczb8qLjrs=
github.com/xubiosueldos/concepto v0.0.0-20190607102254-2e8076c0cbf4/go.mod h1:Mbq5LlqCvBbB/f4wtYeV/78gUFOotETAB0+SXx2Ntf8=
github.com/xubiosueldos/concepto v0.0.0-20190611175659-00b8793da503 h1:Yzz7z+39InT5gjPaJ3dj+XVfH0J0NWpR46abAbjQkeA=
github.com/xubiosueldos/concepto v0.0.0-20190611175659-00b8793da503/go.mod h1:du8kii6tZ0bcJi/W02aIYh6GyzHsgz+rgc3LJg27ba0=
github.com/xubiosueldos/concepto v0.0.0-20190704155904-975e94087f06 h1:HZUSH8meVqdukqADSnUbyM7pjltPRjguP7rdzIx7GsY=
github.com/xubiosueldos/concepto v0.0.0-20190704155904-975e94087f06/go.mod h1:ratui+U0eFdXAUsy8xDdoDY/zWGkJ0fd2FqWA0lAbIE=
github.com/xubiosueldos/concepto v0.0.0-20190812153040-7f66960d0c86 h1:ErThVKluWOyFYmhrRQZIn9YsNQnD8WXVX/ybf5Y56bE=
github.com/xubiosueldos/concepto v0.0.0-20190812153040-7f66960d0c86/go.mod h1:uIksErTu8a9BwBeodMjstD+5LSZSnMuuT2T1IevWvSM=
github.com/xubiosueldos/concepto v0.0.0-20190813132225-cee73d332f93 h1:JVyp+Q6bdzMxR8h5WGm+y6Tbh8gGROpfBBBrtNPIlhM=
github.com/xubiosueldos/concepto v0.0.0-20190813132225-cee73d332f93/go.mod h1:j+jQOlZZPhojLrlICoLms57T6lCfarKuJLh8FzUPqsY=
github.com/xubiosueldos/concepto v0.0.0-20190918180640-7a680f73281f/go.mod h1:ThpLIXeQDvEa0dNQZ7MXAwWXapoNbDPvUuqoJUR7wLU=
github.com/xubiosueldos/concepto v0.0.0-20190923141110-e8f0ec0c6301/go.mod h1:+akIXxcPAPeAy1hUROAY735l68rWuKBbsxOWHUEhUDY=
github.com/xubiosueldos/concepto v0.0.0-20190924132645-b77ae77bed82/go.mod h1:4oqotrOxymbWBgmY0zfBEsxx2RuS5xN9al1yCwZ5Cik=
github.com/xubiosueldos/concepto v0.0.0-20190926175438-ed9e03e287c4/go.mod h1:915IIuF5EABPPseJBy04zFDgAFBBpO5b4LM9Ks15sR0=
github.com/xubiosueldos/concepto v0.0.0-20191008121313-f3778899c412/go.mod h1:ysNwKlUBMmGoQG/XQLJFcsHQ1D/BhRwGQZbtJT9lPZU=
github.com/xubiosueldos/concepto v0.0.0-20191009131804-82d3258f832e/go.mod h1:jkXm+2rxhnFJDOJq4k7pb0d/Zu21Bkbij03IkifumFo=
github.com/xubiosueldos/conexionBD v0.0.0-20190503185834-fb2a794e1c8e h1:SYr0Lu6VKpw4ulkcLFuTvYFMGB2xIG5OjI0HSnY66nM=
github.com/xubiosueldos/conexionBD v0.0.0-20190503185834-fb2a794e1c8e/go.mod h1:u9a4/KFVYbypj4ur2n3Js0aYn1ihcuFTEIILpaR6cfY=
github.com/xubiosueldos/conexionBD v0.0.0-20190522110449-6c03431f8a92 h1:MOG9sdHcqlarX5rDl6e01MxqJPiRzMOMK7gfQv1mISs=
github.com/xubiosueldos/conexionBD v0.0.0-20190522110449-6c03431f8a92/go.mod h1:zG7PxdxhIFS8hl3AymQLz+qM2ZoeyW/hx19wH2ysweg=
github.com/xubiosueldos/conexionBD v0.0.0-20190529120734-f55908fff4bb h1:379TP4XeIUgT8cW4dOG8ISYe4/UsuP+hpd/InPt4taA=
github.com/xubiosueldos/conexionBD v0.0.0-20190529120734-f55908fff4bb/go.mod h1:Nsgq3PmfOoflh6TkjMU2RLAubRGke0GKTP6/V23rdek=
github.com/xubiosueldos/conexionBD v0.0.0-20190530145544-4360fd597798/go.mod h1:Nsgq3PmfOoflh6TkjMU2RLAubRGke0GKTP6/V23rdek=
github.com/xubiosueldos/conexionBD v0.0.0-20190530151933-fc20cff0c8e5 h1:v3uaol0wkRfp/0utmf7LV8Dwe+gUBbozjTJBWMtilXg=
github.com/xubiosueldos/conexionBD v0.0.0-20190530151933-fc20cff0c8e5/go.mod h1:Mk5YqhmuweZYqWZMSGedvJbxc7/Af6S4R/eUSPe4Cqg=
github.com/xubiosueldos/conexionBD v0.0.0-20190603134255-7ed2db296b9d h1:QsVTdoiiEN7EGGw0/Cl20JRNikpQZ5xeQ/5CmgDq6E0=
github.com/xubiosueldos/conexionBD v0.0.0-20190603134255-7ed2db296b9d/go.mod h1:jlBBXgUpjSl5T4N+fMcU+Y3IfNyJ6Druqszxcq8SjAk=
github.com/xubiosueldos/conexionBD v0.0.0-20190603151815-f5dbd0afee0e h1:2vMe6GZxzAC0qRUJpg55e08V5ahX5F04ULvhfyPMO7Q=
github.com/xubiosueldos/conexionBD v0.0.0-20190603151815-f5dbd0afee0e/go.mod h1:8Z/rq1PZY8lGIpKkY3VKTxQxAE9dTQK1Ra9PuzTiFDU=
github.com/xubiosueldos/conexionBD v0.0.0-20190604112907-8a6b557cb985 h1:Mx+dmGSa/4kgO/m5J9ips9zq/w8/6bQMrpXGgRX9DrU=
github.com/xubiosueldos/conexionBD v0.0.0-20190604112907-8a6b557cb985/go.mod h1:8Z/rq1PZY8lGIpKkY3VKTxQxAE9dTQK1Ra9PuzTiFDU=
github.com/xubiosueldos/conexionBD v0.0.0-20190611145917-669e94f96309 h1:yla0OtccFfVBXKnIXiED5dQ1dvgLCGx3TxWYWl923Jc=
github.com/xubiosueldos/conexionBD v0.0.0-20190611145917-669e94f96309/go.mod h1:8Z/rq1PZY8lGIpKkY3VKTxQxAE9dTQK1Ra9PuzTiFDU=
github.com/xubiosueldos/conexionBD v0.0.0-20190703165849-1af3af2266cd h1:Xm7zKg75qtaI1tIFpUQP+uCwcc3icE1jLW0x5ex3Pog=
github.com/xubiosueldos/conexionBD v0.0.0-20190703165849-1af3af2266cd/go.mod h1:8Z/rq1PZY8lGIpKkY3VKTxQxAE9dTQK1Ra9PuzTiFDU=
github.com/xubiosueldos/conexionBD v0.0.0-20190812120951-d666867a1575 h1:u2nit/p/IIPf3vm/rixTwTBLKtKrFUkwvoZVmrZj/w8=
github.com/xubiosueldos/conexionBD v0.0.0-20190812120951-d666867a1575/go.mod h1:8Z/rq1PZY8lGIpKkY3VKTxQxAE9dTQK1Ra9PuzTiFDU=
github.com/xubiosueldos/conexionBD v0.0.0-20190813131708-bba814aa55fb h1:3gTL6Cv82PDtK/othRPI+w9s1CEQ/w+tObIt9OTLLX8=
github.com/xubiosueldos/conexionBD v0.0.0-20190813131708-bba814aa55fb/go.mod h1:a1084LSJwVjx8L5uv9VReQrNw7081haJEYoaWVi9PEk=
github.com/xubiosueldos/conexionBD v0.0.0-20190816141853-32239ea9fbc7 h1:MZ3HMMffovtYlbkGxyFfA2RxLEOc/yiQcKenU+Wx8mk=
github.com/xubiosueldos/conexionBD v0.0.0-20190918180135-67c3997d98cf h1:fwbTZb1rCE34dIkz3CgMa56HeG5rIFRd+dR5UTiCkWo=
github.com/xubiosueldos/conexionBD v0.0.0-20190918180135-67c3997d98cf/go.mod h1:a1084LSJwVjx8L5uv9VReQrNw7081haJEYoaWVi9PEk=
github.com/xubiosueldos/conexionBD v0.0.0-20190923132716-4e09b2219e84 h1:hh5eKKvHXvVp18cebfdyROdsbFhYxNajSDzO2MVTY0c=
github.com/xubiosueldos/conexionBD v0.0.0-20190923132716-4e09b2219e84/go.mod h1:UU8Kkj74xg8kM7bVuVJx5ZFxPKho38yVlo78dVMFkMY=
github.com/xubiosueldos/conexionBD v0.0.0-20190924131159-510ccbc76dcf h1:3TQIPpH4A/oObx3OdycvWKqpIUmfFBPZ+N/BELCc20Y=
github.com/xubiosueldos/conexionBD v0.0.0-20190924131159-510ccbc76dcf/go.mod h1:UU8Kkj74xg8kM7bVuVJx5ZFxPKho38yVlo78dVMFkMY=
github.com/xubiosueldos/conexionBD v0.0.0-20190926175155-8d5381bf9a5f h1:8ZngJUVeT67wSwXHbcXaF3AchX/OSnWSH8OzCA02bkY=
github.com/xubiosueldos/conexionBD v0.0.0-20190926175155-8d5381bf9a5f/go.mod h1:UU8Kkj74xg8kM7bVuVJx5ZFxPKho38yVlo78dVMFkMY=
github.com/xubiosueldos/conexionBD v0.0.0-20191008114452-406415aaa1d1 h1:hCkFs+ao1lZjYjj/RJFDj8AUJCflhC8Ga5zKktXX9P0=
github.com/xubiosueldos/conexionBD v0.0.0-20191008114452-406415aaa1d1/go.mod h1:jeo57E+wvI5Q21kKt/DhqL0fWzFNOuU5xlsmtO504zg=
github.com/xubiosueldos/conexionBD v0.0.0-20191009124729-d6366b16e817 h1:dscjYFMeOj8R1axgRRVXk8a1cX5DbgrL0YQ0yWREsm4=
github.com/xubiosueldos/conexionBD v0.0.0-20191009124729-d6366b16e817/go.mod h1:jeo57E+wvI5Q21kKt/DhqL0fWzFNOuU5xlsmtO504zg=
github.com/xubiosueldos/framework v0.0.0-20190502133422-d53dd93b5196/go.mod h1:txPj3GVjVoZeJnObRIBrzNFVDT7baf2VEpK3kCkpDWg=
github.com/xubiosueldos/framework v0.0.0-20190509132521-6f92aa67ddd1 h1:fX9zh5Q1VyY9dQIaekRTNUla7ZS6nl5rsuTqhe+PmKs=
github.com/xubiosueldos/framework v0.0.0-20190509132521-6f92aa67ddd1/go.mod h1:txPj3GVjVoZeJnObRIBrzNFVDT7baf2VEpK3kCkpDWg=
github.com/xubiosueldos/framework v0.0.0-20190514130847-a392b8b7bf9b h1:OaWXsrFZy1oQeWgSZ2FNz2RmowQ1fwuEkbNLOG/bkEA=
github.com/xubiosueldos/framework v0.0.0-20190514130847-a392b8b7bf9b/go.mod h1:txPj3GVjVoZeJnObRIBrzNFVDT7baf2VEpK3kCkpDWg=
github.com/xubiosueldos/framework v0.0.0-20190522111620-ff068e48f07d/go.mod h1:txPj3GVjVoZeJnObRIBrzNFVDT7baf2VEpK3kCkpDWg=
github.com/xubiosueldos/framework v0.0.0-20190522111645-0816e190bbfb h1:LyD5yobcFRSlNiYBVJ5R1GD9CoThZzxiCvEFkwF4kDs=
github.com/xubiosueldos/framework v0.0.0-20190522111645-0816e190bbfb/go.mod h1:txPj3GVjVoZeJnObRIBrzNFVDT7baf2VEpK3kCkpDWg=
github.com/xubiosueldos/framework v0.0.0-20190523131015-5bbfef162085 h1:NRE4q27RRzjrKnSEcZuPv4GRdAq+3J8kzEeSyJomCrA=
github.com/xubiosueldos/framework v0.0.0-20190523131015-5bbfef162085/go.mod h1:txPj3GVjVoZeJnObRIBrzNFVDT7baf2VEpK3kCkpDWg=
github.com/xubiosueldos/framework v0.0.0-20190523131541-5dfe865fb28f h1:jBAw9KYst8mVeY2srajJWMjptpeqj7hJRSDWYWvoTuo=
github.com/xubiosueldos/framework v0.0.0-20190523131541-5dfe865fb28f/go.mod h1:txPj3GVjVoZeJnObRIBrzNFVDT7baf2VEpK3kCkpDWg=
github.com/xubiosueldos/framework v0.0.0-20190528205049-f5e7c42b2284/go.mod h1:Atdymo+Iri+Mn8+VPhqIyb6dW/S/q3xPgobPRPBirzs=
github.com/xubiosueldos/framework v0.0.0-20190529121816-b7b82cfa233f/go.mod h1:Atdymo+Iri+Mn8+VPhqIyb6dW/S/q3xPgobPRPBirzs=
github.com/xubiosueldos/framework v0.0.0-20190529165238-2c881b4a9ef0 h1:aC9Tep+XkgGGtzvVS69GMxuUmDKWSsI1XS1jfb417Gk=
github.com/xubiosueldos/framework v0.0.0-20190529165238-2c881b4a9ef0/go.mod h1:Atdymo+Iri+Mn8+VPhqIyb6dW/S/q3xPgobPRPBirzs=
github.com/xubiosueldos/framework v0.0.0-20190603133101-66e63e34e421 h1:I1Zf80c5LobUVF4GFpMkGxGPmjkILZc4UFAxZmmr55I=
github.com/xubiosueldos/framework v0.0.0-20190603133101-66e63e34e421/go.mod h1:Atdymo+Iri+Mn8+VPhqIyb6dW/S/q3xPgobPRPBirzs=
github.com/xubiosueldos/framework v0.0.0-20190603145241-3bd1c9badd91 h1:ciXkSt5dtZ0iYsHHNjQSMiX8yEf7Axr9TzvDwXvYlTo=
github.com/xubiosueldos/framework v0.0.0-20190603145241-3bd1c9badd91/go.mod h1:Atdymo+Iri+Mn8+VPhqIyb6dW/S/q3xPgobPRPBirzs=
github.com/xubiosueldos/framework v0.0.0-20190813125641-bb1718a07434 h1:KfhoHdTzmrDCiD5fXqSCf3g9SWnpoo8qW1O1r3JnUX0=
github.com/xubiosueldos/framework v0.0.0-20190813125641-bb1718a07434/go.mod h1:Atdymo+Iri+Mn8+VPhqIyb6dW/S/q3xPgobPRPBirzs=
github.com/xubiosueldos/framework v0.0.0-20190923130327-27a81bc804ce h1:5Lxe2+4CzL0HJVJKfuvxS521sLFVi5h6EYCwDoHZOCs=
github.com/xubiosueldos/framework v0.0.0-20190923130327-27a81bc804ce/go.mod h1:Atdymo+Iri+Mn8+VPhqIyb6dW/S/q3xPgobPRPBirzs=
github.com/xubiosueldos/framework v0.0.0-20191002111857-52b12ef56c62 h1:39700bnGzWF139TDjBPFLMICs+1Tk306RVSjp1KCkEw=
github.com/xubiosueldos/framework v0.0.0-20191002111857-52b12ef56c62/go.mod h1:YpPF+hDR5I/7906gpS7Tjz+/wJX5KJCVyUDAWXeeOds=
github.com/xubiosueldos/legajo v1.0.0 h1:GCrlYMgDceGIaofSBvph4JYSxF84Mc2Rj/KIHLDAZUk=
github.com/xubiosueldos/legajo v1.0.1-0.20190522115502-3bfae7ce5ce0 h1:wJ9mp+C+FyNB/+OvBC+emjhG61ndbPceppP0G/VI4sE=
github.com/xubiosueldos/legajo v1.0.1-0.20190522115502-3bfae7ce5ce0/go.mod h1:phFL9KHzmYIetm4QPMnF4VQGA1ILZVzn+ofLCZEi1VI=
github.com/xubiosueldos/legajo v1.0.1-0.20190523162457-9ac4f8086bc3 h1:rRCXySIEsNOFnWOOGDwCQvPh3O2z+6HpDRlqNAUJh+c=
github.com/xubiosueldos/legajo v1.0.1-0.20190523162457-9ac4f8086bc3/go.mod h1:r5lon+c2+GoOE7a33rX9aAudqy/6F5gv0a+Wsx2PsLI=
github.com/xubiosueldos/legajo v1.0.1-0.20190529170042-30d663633893 h1:5Fi5itC6MiIt6T83OmQNc7nRAZzIMPkGpOOwsNAVtEk=
github.com/xubiosueldos/legajo v1.0.1-0.20190529170042-30d663633893/go.mod h1:o08wl6WJMfXwBQrO6klqEY68fcmGgg862+eJ98jvxQs=
github.com/xubiosueldos/legajo v1.0.1-0.20190530151758-dae500c0bea8 h1:3xZZogLKE1ZmAanQTCAnmIUB9QKUEgCUgRGDoXIupuw=
github.com/xubiosueldos/legajo v1.0.1-0.20190530151758-dae500c0bea8/go.mod h1:WDZbZikiwZgwppzMprc2k1ePn4VG6pww/p95sSxWpRc=
github.com/xubiosueldos/legajo v1.0.1-0.20190603134611-133bb5179d5f h1:3x2jZ3XfOc50mcST+xZNAoY7dgJFPqnVbG4l39uui3g=
github.com/xubiosueldos/legajo v1.0.1-0.20190603134611-133bb5179d5f/go.mod h1:LdIHyxyQyMALZ2xf+uYsTVHPj0Jz2PBJWGkvz+9cUQ8=
github.com/xubiosueldos/legajo v1.0.1-0.20190603152607-cdf0ffba2204 h1:x39z0LZnOkBnNRxH1iQ+r2V92yP1DXpSgeIw/A7+dGY=
github.com/xubiosueldos/legajo v1.0.1-0.20190603152607-cdf0ffba2204/go.mod h1:4SD/ACRWQhS0a16+96ij+FD1mRrsutzZJugsRO5RR6w=
github.com/xubiosueldos/legajo v1.0.1-0.20190603175706-d54e54bb501b h1:0ZV4uJbuue0MFkdcbpHF1ZiOk8xdKFsUVGTNHaUwjJc=
github.com/xubiosueldos/legajo v1.0.1-0.20190603175706-d54e54bb501b/go.mod h1:h5nFLjjaEAv1lwQMrHNSzNHpv42IB3n2aKJnoFOVFcg=
github.com/xubiosueldos/legajo v1.0.1-0.20190607102628-f402f8296053 h1:SAjBZTB8+TRwRLoDX9wqnJp3dD2M1tvfG6hQQDH4rzI=
github.com/xubiosueldos/legajo v1.0.1-0.20190607102628-f402f8296053/go.mod h1:qTMpFQTkXl+q2+4CYEfq4Oi1LK8foPiq+U7NTQZOed0=
github.com/xubiosueldos/legajo v1.0.1-0.20190611175247-60939a16ef82 h1:CFKIBIYSV6PSJYJhEcqsRS1tosfurUrU2b0az3V+Eck=
github.com/xubiosueldos/legajo v1.0.1-0.20190611175247-60939a16ef82/go.mod h1:qoPS8aRdOhstnNvr5XnK1dAHGP3M/VHISrZ8ay09Les=
github.com/xubiosueldos/legajo v1.0.1-0.20190704160428-54e905bc5792 h1:j5a8cyJgWDB+pGsf8pvqhctgSHvj5GdrfVag9yWen4o=
github.com/xubiosueldos/legajo v1.0.1-0.20190704160428-54e905bc5792/go.mod h1:nKaEM/qdMk19RBMw+pZuqw+eSfEcvlFRtVx1+tFAgLE=
github.com/xubiosueldos/legajo v1.0.1-0.20190808124046-4512221cb3a7 h1:eok+dVuj2eRBCOiuFbfMm8UsqZb2e4pq0h9JnksJazc=
github.com/xubiosueldos/legajo v1.0.1-0.20190808124046-4512221cb3a7/go.mod h1:nKaEM/qdMk19RBMw+pZuqw+eSfEcvlFRtVx1+tFAgLE=
github.com/xubiosueldos/legajo v1.0.1-0.20190812153758-ea4887277240 h1:JQleKYfcHUMk0Rcu+bgserw9dvjBgKxXM/b+agRXH80=
github.com/xubiosueldos/legajo v1.0.1-0.20190812153758-ea4887277240/go.mod h1:4uSKstJZjiwqqlY+EEnnHMtT757i1n00zs/5d6Iud9Q=
github.com/xubiosueldos/legajo v1.0.1-0.20190813133318-0ac051b3c42a h1:YbW7eOnrh0s/SM63Zzd4RzlKoJxIC1K2ciMIfeBwg9A=
github.com/xubiosueldos/legajo v1.0.1-0.20190813133318-0ac051b3c42a/go.mod h1:nF68Bx650yALQu1yF3Ps6xaiMGS+Wqf6qTboLIeZCq8=
github.com/xubiosueldos/legajo v1.0.1-0.20190815175426-80a2bfc03b30 h1:3u0SlDw62yS+KfLWUDWmlYcdPDeuPaj9Ijb6aFCwngU=
github.com/xubiosueldos/legajo v1.0.1-0.20190815175426-80a2bfc03b30/go.mod h1:nF68Bx650yALQu1yF3Ps6xaiMGS+Wqf6qTboLIeZCq8=
github.com/xubiosueldos/legajo v1.0.1-0.20190903124015-8931b1b9e065 h1:BLeXsrSlfxqGOQGk1yYr9FoV5PiRDtp5KMTdFKXDo9U=
github.com/xubiosueldos/legajo v1.0.1-0.20190903124015-8931b1b9e065/go.mod h1:nF68Bx650yALQu1yF3Ps6xaiMGS+Wqf6qTboLIeZCq8=
github.com/xubiosueldos/legajo v1.0.1-0.20190918181221-149e2d2cb34c/go.mod h1:0wAw/dxVYXes60o6IVjWtLJ7d0WQpN57fiApeS4i8cg=
github.com/xubiosueldos/legajo v1.0.1-0.20190923140438-a3f2f6845c6f/go.mod h1:nT1EsNcbSqiXSRTMDP3RbjsH/v/gznv96vLEwpL5Gq0=
github.com/xubiosueldos/legajo v1.0.1-0.20190924134443-fdb06ee0924d/go.mod h1:Who42IiUZK8sWnO+yQJKhX7s+Udw8aozij+PZa7y9TI=
github.com/xubiosueldos/legajo v1.0.1-0.20190926175709-2613c86f7a5e/go.mod h1:/p03c55LWsyH1Xmo+uKFHohrIgCzxG1ctkJCVDX5U0I=
github.com/xubiosueldos/legajo v1.0.1-0.20191008120721-02f77753e283/go.mod h1:aJKIpC98RcbKTIEuZZKpKHxKS5ffTyyjH8O9LGQxibs=
github.com/xubiosueldos/legajo v1.0.1-0.20191009131602-62a6b3af39ec/go.mod h1:+jVKuop7TUgGCIIH18wOi8csNqrYWL/qgCjLDwcqhUA=
github.com/xubiosueldos/monoliticComunication v0.0.0-20191009130034-e9e75dc548ad/go.mod h1:ojzRXJu7fPyPhoDMClFBCOKff2mN4JiuQwP0HCJ6kTY=
go.opencensus.io v0.20.1/go.mod h1:6WKK9ahsWS3RSO+PY9ZHZUfv2irvY6gN279GOPZjmmk=
golang.org/x/crypto v0.0.0-20180904163835-0709b304e793/go.mod h1:6SG95UA2DQfeDnfUPMdvaQW0Q7yPrPDi9nlGo2tz2b4=
golang.org/x/crypto v0.0.0-20190308221718-c2843e01d9a2/go.mod h1:djNgcEr1/C05ACkg1iLfiJU5Ep61QUkGW8qpdssI0+w=
golang.org/x/crypto v0.0.0-20190325154230-a5d413f7728c h1:Vj5n4GlwjmQteupaxJ9+0FNOmBrHfq7vN4btdGoDZgI=
golang.org/x/crypto v0.0.0-20190325154230-a5d413f7728c/go.mod h1:djNgcEr1/C05ACkg1iLfiJU5Ep61QUkGW8qpdssI0+w=
golang.org/x/exp v0.0.0-20190121172915-509febef88a4/go.mod h1:CJ0aWSM057203Lf6IL+f9T1iT9GByDxfZKAQTCR3kQA=
golang.org/x/lint v0.0.0-20181026193005-c67002cb31c3/go.mod h1:UVdnD1Gm6xHRNCYTkRU2/jEulfH38KcIWyp/GAMgvoE=
golang.org/x/lint v0.0.0-20190227174305-5b3e6a55c961/go.mod h1:wehouNa3lNwaWXcvxsM5YxQ5yQlVC4a0KAMCusXpPoU=
golang.org/x/lint v0.0.0-20190301231843-5614ed5bae6f/go.mod h1:UVdnD1Gm6xHRNCYTkRU2/jEulfH38KcIWyp/GAMgvoE=
golang.org/x/net v0.0.0-20180724234803-3673e40ba225/go.mod h1:mL1N/T3taQHkDXs73rZJwtUhF3w3ftmwwsq0BUmARs4=
golang.org/x/net v0.0.0-20180826012351-8a410e7b638d/go.mod h1:mL1N/T3taQHkDXs73rZJwtUhF3w3ftmwwsq0BUmARs4=
golang.org/x/net v0.0.0-20180906233101-161cd47e91fd/go.mod h1:mL1N/T3taQHkDXs73rZJwtUhF3w3ftmwwsq0BUmARs4=
golang.org/x/net v0.0.0-20181114220301-adae6a3d119a/go.mod h1:mL1N/T3taQHkDXs73rZJwtUhF3w3ftmwwsq0BUmARs4=
golang.org/x/net v0.0.0-20190108225652-1e06a53dbb7e/go.mod h1:mL1N/T3taQHkDXs73rZJwtUhF3w3ftmwwsq0BUmARs4=
golang.org/x/net v0.0.0-20190125091013-d26f9f9a57f3/go.mod h1:mL1N/T3taQHkDXs73rZJwtUhF3w3ftmwwsq0BUmARs4=
golang.org/x/net v0.0.0-20190213061140-3a22650c66bd/go.mod h1:mL1N/T3taQHkDXs73rZJwtUhF3w3ftmwwsq0BUmARs4=
golang.org/x/net v0.0.0-20190311183353-d8887717615a/go.mod h1:t9HGtf8HONx5eT2rtn7q6eTqICYqUVnKs3thJo3Qplg=
golang.org/x/oauth2 v0.0.0-20180821212333-d2e6202438be/go.mod h1:N/0e6XlmueqKjAGxoOufVs8QHGRruUQn6yWY3a++T0U=
golang.org/x/oauth2 v0.0.0-20190226205417-e64efc72b421/go.mod h1:gOpvHmFTYa4IltrdGE7lF6nIHvwfUNPOp7c8zoXwtLw=
golang.org/x/sync v0.0.0-20180314180146-1d60e4601c6f/go.mod h1:RxMgew5VJxzue5/jJTE5uejpjVlOe/izrB70Jof72aM=
golang.org/x/sync v0.0.0-20181108010431-42b317875d0f/go.mod h1:RxMgew5VJxzue5/jJTE5uejpjVlOe/izrB70Jof72aM=
golang.org/x/sync v0.0.0-20181221193216-37e7f081c4d4/go.mod h1:RxMgew5VJxzue5/jJTE5uejpjVlOe/izrB70Jof72aM=
golang.org/x/sync v0.0.0-20190227155943-e225da77a7e6/go.mod h1:RxMgew5VJxzue5/jJTE5uejpjVlOe/izrB70Jof72aM=
golang.org/x/sys v0.0.0-20180830151530-49385e6e1522/go.mod h1:STP8DvDyc/dI5b8T5hshtkjS+E42TnysNCUPdjciGhY=
golang.org/x/sys v0.0.0-20180905080454-ebe1bf3edb33/go.mod h1:STP8DvDyc/dI5b8T5hshtkjS+E42TnysNCUPdjciGhY=
golang.org/x/sys v0.0.0-20180909124046-d0be0721c37e/go.mod h1:STP8DvDyc/dI5b8T5hshtkjS+E42TnysNCUPdjciGhY=
golang.org/x/sys v0.0.0-20181116152217-5ac8a444bdc5/go.mod h1:STP8DvDyc/dI5b8T5hshtkjS+E42TnysNCUPdjciGhY=
golang.org/x/sys v0.0.0-20181122145206-62eef0e2fa9b/go.mod h1:STP8DvDyc/dI5b8T5hshtkjS+E42TnysNCUPdjciGhY=
golang.org/x/sys v0.0.0-20190215142949-d0b11bdaac8a/go.mod h1:STP8DvDyc/dI5b8T5hshtkjS+E42TnysNCUPdjciGhY=
golang.org/x/text v0.3.0/go.mod h1:NqM8EUOU14njkJ3fqMW+pc6Ldnwhi/IjpwHt7yyuwOQ=
golang.org/x/text v0.3.1-0.20180807135948-17ff2d5776d2/go.mod h1:NqM8EUOU14njkJ3fqMW+pc6Ldnwhi/IjpwHt7yyuwOQ=
golang.org/x/time v0.0.0-20181108054448-85acf8d2951c/go.mod h1:tRJNPiyCQ0inRvYxbN9jk5I+vvW/OXSQhTDSoE431IQ=
golang.org/x/tools v0.0.0-20180828015842-6cd1fcedba52/go.mod h1:n7NCudcB/nEzxVGmLbDWY5pfWTLqBcC2KZ6jyYvM4mQ=
golang.org/x/tools v0.0.0-20190114222345-bf090417da8b/go.mod h1:n7NCudcB/nEzxVGmLbDWY5pfWTLqBcC2KZ6jyYvM4mQ=
golang.org/x/tools v0.0.0-20190226205152-f727befe758c/go.mod h1:9Yl7xja0Znq3iFh3HoIrodX9oNMXvdceNzlUR8zjMvY=
golang.org/x/tools v0.0.0-20190312170243-e65039ee4138/go.mod h1:LCzVGOaR6xXOjkQ3onu1FJEFr0SW1gC7cKk1uF8kGRs=
google.golang.org/api v0.3.1/go.mod h1:6wY9I6uQWHQ8EM57III9mq/AjF+i8G65rmVagqKMtkk=
google.golang.org/appengine v1.1.0/go.mod h1:EbEs0AVv82hx2wNQdGPgUI5lhzA/G0D9YwlJXL52JkM=
google.golang.org/appengine v1.4.0/go.mod h1:xpcJRLb0r/rnEns0DIKYYv+WjYCduHsrkT7/EB5XEv4=
google.golang.org/genproto v0.0.0-20180817151627-c66870c02cf8/go.mod h1:JiN7NxoALGmiZfu7CAH4rXhgtRTLTxftemlI0sWmxmc=
google.golang.org/genproto v0.0.0-20190307195333-5fe7a883aa19/go.mod h1:VzzqZJRnGkLBvHegQrXjBqPurQTc5/KpmUdxsrq26oE=
google.golang.org/genproto v0.0.0-20190404172233-64821d5d2107/go.mod h1:VzzqZJRnGkLBvHegQrXjBqPurQTc5/KpmUdxsrq26oE=
google.golang.org/grpc v1.17.0/go.mod h1:6QZJwpn2B+Zp71q/5VxRsJ6NXXVCE5NRUHRo+f3cWCs=
google.golang.org/grpc v1.19.0/go.mod h1:mqu4LbDTu4XGKhr4mRzUsmM4RtVoemTSY81AxZiDr8c=
gopkg.in/alecthomas/kingpin.v2 v2.2.6/go.mod h1:FMv+mEhP44yOT+4EoQTLFTRgOQ1FBLkstjWtayDeSgw=
gopkg.in/check.v1 v0.0.0-20161208181325-20d25e280405/go.mod h1:Co6ibVJAznAaIkqp8huTwlJQCZ016jof/cbN4VW5Yz0=
gopkg.in/check.v1 v1.0.0-20180628173108-788fd7840127/go.mod h1:Co6ibVJAznAaIkqp8huTwlJQCZ016jof/cbN4VW5Yz0=
gopkg.in/fsnotify.v1 v1.4.7/go.mod h1:Tz8NjZHkW78fSQdbUxIjBTcgA1z1m8ZHf0WmKUhAMys=
gopkg.in/tomb.v1 v1.0.0-20141024135613-dd632973f1e7/go.mod h1:dt/ZhP58zS4L8KSrWDmTeBkI65Dw0HsyUHuEVlX15mw=
gopkg.in/yaml.v2 v2.2.1/go.mod h1:hI93XBmqTisBFMUTm0b8Fm+jr3Dg1NNxqwp+5A1VGuI=
gopkg.in/yaml.v2 v2.2.2/go.mod h1:hI93XBmqTisBFMUTm0b8Fm+jr3Dg1NNxqwp+5A1VGuI=
honnef.co/go/tools v0.0.0-20180728063816-88497007e858/go.mod h1:rf3lG4BRIbNafJWhAfAdb/ePZxsR/4RtNHQocxwk9r4=
honnef.co/go/tools v0.0.0-20190102054323-c2f93a96b099/go.mod h1:rf3lG4BRIbNafJWhAfAdb/ePZxsR/4RtNHQocxwk9r4=
honnef.co/go/tools v0.0.0-20190106161140-3f1c8253044a/go.mod h1:rf3lG4BRIbNafJWhAfAdb/ePZxsR/4RtNHQocxwk9r4=
